
Microsoft Visual Studio Solution File, Format Version 12.00
# Visual Studio Version 17
VisualStudioVersion = 17.3.32901.215
MinimumVisualStudioVersion = 10.0.40219.1
Project("{FAE04EC0-301F-11D3-BF4B-00C04F79EFBC}") = "digital-agro-api", "digital-agro-api\digital-agro-api.csproj", "{0E49C539-0109-4B42-8959-3E711E0E6843}"
EndProject
Project("{FAE04EC0-301F-11D3-BF4B-00C04F79EFBC}") = "BLL", "BLL\BLL.csproj", "{C2D217F7-E06F-46CA-AF26-39A3BAA82230}"
EndProject
Project("{FAE04EC0-301F-11D3-BF4B-00C04F79EFBC}") = "DAL", "DAL\DAL.csproj", "{7AD1F262-812B-4CD7-BC3C-ADDA0A491969}"
EndProject
Global
	GlobalSection(SolutionConfigurationPlatforms) = preSolution
		Debug|Any CPU = Debug|Any CPU
		Release|Any CPU = Release|Any CPU
	EndGlobalSection
	GlobalSection(ProjectConfigurationPlatforms) = postSolution
		{0E49C539-0109-4B42-8959-3E711E0E6843}.Debug|Any CPU.ActiveCfg = Debug|Any CPU
		{0E49C539-0109-4B42-8959-3E711E0E6843}.Debug|Any CPU.Build.0 = Debug|Any CPU
		{0E49C539-0109-4B42-8959-3E711E0E6843}.Release|Any CPU.ActiveCfg = Release|Any CPU
		{0E49C539-0109-4B42-8959-3E711E0E6843}.Release|Any CPU.Build.0 = Release|Any CPU
		{C2D217F7-E06F-46CA-AF26-39A3BAA82230}.Debug|Any CPU.ActiveCfg = Debug|Any CPU
		{C2D217F7-E06F-46CA-AF26-39A3BAA82230}.Debug|Any CPU.Build.0 = Debug|Any CPU
		{C2D217F7-E06F-46CA-AF26-39A3BAA82230}.Release|Any CPU.ActiveCfg = Release|Any CPU
		{C2D217F7-E06F-46CA-AF26-39A3BAA82230}.Release|Any CPU.Build.0 = Release|Any CPU
		{7AD1F262-812B-4CD7-BC3C-ADDA0A491969}.Debug|Any CPU.ActiveCfg = Debug|Any CPU
		{7AD1F262-812B-4CD7-BC3C-ADDA0A491969}.Debug|Any CPU.Build.0 = Debug|Any CPU
		{7AD1F262-812B-4CD7-BC3C-ADDA0A491969}.Release|Any CPU.ActiveCfg = Release|Any CPU
		{7AD1F262-812B-4CD7-BC3C-ADDA0A491969}.Release|Any CPU.Build.0 = Release|Any CPU
	EndGlobalSection
	GlobalSection(SolutionProperties) = preSolution
		HideSolutionNode = FALSE
	EndGlobalSection
	GlobalSection(ExtensibilityGlobals) = postSolution
		SolutionGuid = {C26F9612-9B88-43EA-ABE9-490F4F76178C}
	EndGlobalSection
EndGlobal
